# This file was autogenerated by Stack.
# You should not edit this file by hand.
# For more information, please see the documentation at:
#   https://docs.haskellstack.org/en/stable/topics/lock_files

packages: []
snapshots:
- completed:
    sha256: e0744d0b4139228e98a3b6d64bcffdfb61bd01a1083a053d2c9cac039733cfd8
    size: 681591
    url: https://raw.githubusercontent.com/commercialhaskell/stackage-snapshots/master/nightly/2025/4/15.yaml
  original: nightly-2025-04-15
